// !$*UTF8*$!
{
	archiveVersion = 1;
	classes = {
	};
	objectVersion = 46;
	objects = {

/* Begin PBXBuildFile section */
		3362F3291DAD6D8400F4D29E /* AppDelegate.swift in Sources */ = {isa = PBXBuildFile; fileRef = 3362F3281DAD6D8400F4D29E /* AppDelegate.swift */; };
		3362F32B1DAD6D8400F4D29E /* ViewController.swift in Sources */ = {isa = PBXBuildFile; fileRef = 3362F32A1DAD6D8400F4D29E /* ViewController.swift */; };
		3362F32E1DAD6D8400F4D29E /* Main.storyboard in Resources */ = {isa = PBXBuildFile; fileRef = 3362F32C1DAD6D8400F4D29E /* Main.storyboard */; };
		3362F3311DAD6D8400F4D29E /* TooDoooooooes.xcdatamodeld in Sources */ = {isa = PBXBuildFile; fileRef = 3362F32F1DAD6D8400F4D29E /* TooDoooooooes.xcdatamodeld */; };
		3362F3331DAD6D8400F4D29E /* Assets.xcassets in Resources */ = {isa = PBXBuildFile; fileRef = 3362F3321DAD6D8400F4D29E /* Assets.xcassets */; };
		3362F3361DAD6D8400F4D29E /* LaunchScreen.storyboard in Resources */ = {isa = PBXBuildFile; fileRef = 3362F3341DAD6D8400F4D29E /* LaunchScreen.storyboard */; };
/* End PBXBuildFile section */

/* Begin PBXFileReference section */
		3362F3251DAD6D8400F4D29E /* TooDoooooooes.app */ = {isa = PBXFileReference; explicitFileType = wrapper.application; includeInIndex = 0; path = TooDoooooooes.app; sourceTree = BUILT_PRODUCTS_DIR; };
		3362F3281DAD6D8400F4D29E /* AppDelegate.swift */ = {isa = PBXFileReference; lastKnownFileType = sourcecode.swift; path = AppDelegate.swift; sourceTree = "<group>"; };
		3362F32A1DAD6D8400F4D29E /* ViewController.swift */ = {isa = PBXFileReference; lastKnownFileType = sourcecode.swift; path = ViewController.swift; sourceTree = "<group>"; };
		3362F32D1DAD6D8400F4D29E /* Base */ = {isa = PBXFileReference; lastKnownFileType = file.storyboard; name = Base; path = Base.lproj/Main.storyboard; sourceTree = "<group>"; };
		3362F3301DAD6D8400F4D29E /* TooDoooooooes.xcdatamodel */ = {isa = PBXFileReference; lastKnownFileType = wrapper.xcdatamodel; path = TooDoooooooes.xcdatamodel; sourceTree = "<group>"; };
		3362F3321DAD6D8400F4D29E /* Assets.xcassets */ = {isa = PBXFileReference; lastKnownFileType = folder.assetcatalog; path = Assets.xcassets; sourceTree = "<group>"; };
		3362F3351DAD6D8400F4D29E /* Base */ = {isa = PBXFileReference; lastKnownFileType = file.storyboard; name = Base; path = Base.lproj/LaunchScreen.storyboard; sourceTree = "<group>"; };
		3362F3371DAD6D8400F4D29E /* Info.plist */ = {isa = PBXFileReference; lastKnownFileType = text.plist.xml; path = Info.plist; sourceTree = "<group>"; };
/* End PBXFileReference section */

/* Begin PBXFrameworksBuildPhase section */
		3362F3221DAD6D8400F4D29E /* Frameworks */ = {
			isa = PBXFrameworksBuildPhase;
			buildActionMask = 2147483647;
			files = (
			);
			runOnlyForDeploymentPostprocessing = 0;
		};
/* End PBXFrameworksBuildPhase section */

/* Begin PBXGroup section */
		3362F31C1DAD6D8400F4D29E = {
			isa = PBXGroup;
			children = (
				3362F3271DAD6D8400F4D29E /* TooDoooooooes */,
				3362F3261DAD6D8400F4D29E /* Products */,
			);
			sourceTree = "<group>";
		};
		3362F3261DAD6D8400F4D29E /* Products */ = {
			isa = PBXGroup;
			children = (
				3362F3251DAD6D8400F4D29E /* TooDoooooooes.app */,
			);
			name = Products;
			sourceTree = "<group>";
		};
		3362F3271DAD6D8400F4D29E /* TooDoooooooes */ = {
			isa = PBXGroup;
			children = (
				3362F3281DAD6D8400F4D29E /* AppDelegate.swift */,
				3362F32A1DAD6D8400F4D29E /* ViewController.swift */,
				3362F32C1DAD6D8400F4D29E /* Main.storyboard */,
				3362F3321DAD6D8400F4D29E /* Assets.xcassets */,
				3362F3341DAD6D8400F4D29E /* LaunchScreen.storyboard */,
				3362F3371DAD6D8400F4D29E /* Info.plist */,
				3362F32F1DAD6D8400F4D29E /* TooDoooooooes.xcdatamodeld */,
			);
			path = TooDoooooooes;
			sourceTree = "<group>";
		};
/* End PBXGroup section */

/* Begin PBXNativeTarget section */
		3362F3241DAD6D8400F4D29E /* TooDoooooooes */ = {
			isa = PBXNativeTarget;
			buildConfigurationList = 3362F33A1DAD6D8400F4D29E /* Build configuration list for PBXNativeTarget "TooDoooooooes" */;
			buildPhases = (
				3362F3211DAD6D8400F4D29E /* Sources */,
				3362F3221DAD6D8400F4D29E /* Frameworks */,
				3362F3231DAD6D8400F4D29E /* Resources */,
			);
			buildRules = (
			);
			dependencies = (
			);
			name = TooDoooooooes;
			productName = TooDoooooooes;
			productReference = 3362F3251DAD6D8400F4D29E /* TooDoooooooes.app */;
			productType = "com.apple.product-type.application";
		};
/* End PBXNativeTarget section */

/* Begin PBXProject section */
		3362F31D1DAD6D8400F4D29E /* Project object */ = {
			isa = PBXProject;
			attributes = {
				LastSwiftUpdateCheck = 0800;
				LastUpgradeCheck = 0800;
				ORGANIZATIONNAME = "Tec-Tec";
				TargetAttributes = {
					3362F3241DAD6D8400F4D29E = {
						CreatedOnToolsVersion = 8.0;
						DevelopmentTeam = A7SGM6JEMA;
						ProvisioningStyle = Automatic;
					};
				};
			};
			buildConfigurationList = 3362F3201DAD6D8400F4D29E /* Build configuration list for PBXProject "TooDoooooooes" */;
			compatibilityVersion = "Xcode 3.2";
			developmentRegion = English;
			hasScannedForEncodings = 0;
			knownRegions = (
				en,
				Base,
			);
			mainGroup = 3362F31C1DAD6D8400F4D29E;
			productRefGroup = 3362F3261DAD6D8400F4D29E /* Products */;
			projectDirPath = "";
			projectRoot = "";
			targets = (
				3362F3241DAD6D8400F4D29E /* TooDoooooooes */,
			);
		};
/* End PBXProject section */

/* Begin PBXResourcesBuildPhase section */
		3362F3231DAD6D8400F4D29E /* Resources */ = {
			isa = PBXResourcesBuildPhase;
			buildActionMask = 2147483647;
			files = (
				3362F3361DAD6D8400F4D29E /* LaunchScreen.storyboard in Resources */,
				3362F3331DAD6D8400F4D29E /* Assets.xcassets in Resources */,
				3362F32E1DAD6D8400F4D29E /* Main.storyboard in Resources */,
			);
			runOnlyForDeploymentPostprocessing = 0;
		};
/* End PBXResourcesBuildPhase section */

/* Begin PBXSourcesBuildPhase section */
		3362F3211DAD6D8400F4D29E /* Sources */ = {
			isa = PBXSourcesBuildPhase;
			buildActionMask = 2147483647;
			files = (
				3362F32B1DAD6D8400F4D29E /* ViewController.swift in Sources */,
				3362F3291DAD6D8400F4D29E /* AppDelegate.swift in Sources */,
				3362F3311DAD6D8400F4D29E /* TooDoooooooes.xcdatamodeld in Sources */,
			);
			runOnlyForDeploymentPostprocessing = 0;
		};
/* End PBXSourcesBuildPhase section */

/* Begin PBXVariantGroup section */
		3362F32C1DAD6D8400F4D29E /* Main.storyboard */ = {
			isa = PBXVariantGroup;
			children = (
				3362F32D1DAD6D8400F4D29E /* Base */,
			);
			name = Main.storyboard;
			sourceTree = "<group>";
		};
		3362F3341DAD6D8400F4D29E /* LaunchScreen.storyboard */ = {
			isa = PBXVariantGroup;
			children = (
				3362F3351DAD6D8400F4D29E /* Base */,
			);
			name = LaunchScreen.storyboard;
			sourceTree = "<group>";
		};
/* End PBXVariantGroup section */

/* Begin XCBuildConfiguration section */
		3362F3381DAD6D8400F4D29E /* Debug */ = {
			isa = XCBuildConfiguration;
			buildSettings = {
				ALWAYS_SEARCH_USER_PATHS = NO;
				CLANG_ANALYZER_NONNULL = YES;
				CLANG_CXX_LANGUAGE_STANDARD = "gnu++0x";
				CLANG_CXX_LIBRARY = "libc++";
				CLANG_ENABLE_MODULES = YES;
				CLANG_ENABLE_OBJC_ARC = YES;
				CLANG_WARN_BOOL_CONVERSION = YES;
				CLANG_WARN_CONSTANT_CONVERSION = YES;
				CLANG_WARN_DIRECT_OBJC_ISA_USAGE = YES_ERROR;
				CLANG_WARN_DOCUMENTATION_COMMENTS = YES;
				CLANG_WARN_EMPTY_BODY = YES;
				CLANG_WARN_ENUM_CONVERSION = YES;
				CLANG_WARN_INFINITE_RECURSION = YES;
				CLANG_WARN_INT_CONVERSION = YES;
				CLANG_WARN_OBJC_ROOT_CLASS = YES_ERROR;
				CLANG_WARN_SUSPICIOUS_MOVES = YES;
				CLANG_WARN_UNREACHABLE_CODE = YES;
				CLANG_WARN__DUPLICATE_METHOD_MATCH = YES;
				"CODE_SIGN_IDENTITY[sdk=iphoneos*]" = "iPhone Developer";
				COPY_PHASE_STRIP = NO;
				DEBUG_INFORMATION_FORMAT = dwarf;
				ENABLE_STRICT_OBJC_MSGSEND = YES;
				ENABLE_TESTABILITY = YES;
				GCC_C_LANGUAGE_STANDARD = gnu99;
				GCC_DYNAMIC_NO_PIC = NO;
				GCC_NO_COMMON_BLOCKS = YES;
				GCC_OPTIMIZATION_LEVEL = 0;
				GCC_PREPROCESSOR_DEFINITIONS = (
					"DEBUG=1",
					"$(inherited)",
				);
				GCC_WARN_64_TO_32_BIT_CONVERSION = YES;
				GCC_WARN_ABOUT_RETURN_TYPE = YES_ERROR;
				GCC_WARN_UNDECLARED_SELECTOR = YES;
				GCC_WARN_UNINITIALIZED_AUTOS = YES_AGGRESSIVE;
				GCC_WARN_UNUSED_FUNCTION = YES;
				GCC_WARN_UNUSED_VARIABLE = YES;
				IPHONEOS_DEPLOYMENT_TARGET = 10.0;
				MTL_ENABLE_DEBUG_INFO = YES;
				ONLY_ACTIVE_ARCH = YES;
				SDKROOT = iphoneos;
				SWIFT_ACTIVE_COMPILATION_CONDITIONS = DEBUG;
				SWIFT_OPTIMIZATION_LEVEL = "-Onone";
				TARGETED_DEVICE_FAMILY = "1,2";
			};
			name = Debug;
		};
		3362F3391DAD6D8400F4D29E /* Release */ = {
			isa = XCBuildConfiguration;
			buildSettings = {
				ALWAYS_SEARCH_USER_PATHS = NO;
				CLANG_ANALYZER_NONNULL = YES;
				CLANG_CXX_LANGUAGE_STANDARD = "gnu++0x";
				CLANG_CXX_LIBRARY = "libc++";
				CLANG_ENABLE_MODULES = YES;
				CLANG_ENABLE_OBJC_ARC = YES;
				CLANG_WARN_BOOL_CONVERSION = YES;
				CLANG_WARN_CONSTANT_CONVERSION = YES;
				CLANG_WARN_DIRECT_OBJC_ISA_USAGE = YES_ERROR;
				CLANG_WARN_DOCUMENTATION_COMMENTS = YES;
				CLANG_WARN_EMPTY_BODY = YES;
				CLANG_WARN_ENUM_CONVERSION = YES;
				CLANG_WARN_INFINITE_RECURSION = YES;
				CLANG_WARN_INT_CONVERSION = YES;
				CLANG_WARN_OBJC_ROOT_CLASS = YES_ERROR;
				CLANG_WARN_SUSPICIOUS_MOVES = YES;
				CLANG_WARN_UNREACHABLE_CODE = YES;
				CLANG_WARN__DUPLICATE_METHOD_MATCH = YES;
				"CODE_SIGN_IDENTITY[sdk=iphoneos*]" = "iPhone Developer";
				COPY_PHASE_STRIP = NO;
				DEBUG_INFORMATION_FORMAT = "dwarf-with-dsym";
				ENABLE_NS_ASSERTIONS = NO;
				ENABLE_STRICT_OBJC_MSGSEND = YES;
				GCC_C_LANGUAGE_STANDARD = gnu99;
				GCC_NO_COMMON_BLOCKS = YES;
				GCC_WARN_64_TO_32_BIT_CONVERSION = YES;
				GCC_WARN_ABOUT_RETURN_TYPE = YES_ERROR;
				GCC_WARN_UNDECLARED_SELECTOR = YES;
				GCC_WARN_UNINITIALIZED_AUTOS = YES_AGGRESSIVE;
				GCC_WARN_UNUSED_FUNCTION = YES;
				GCC_WARN_UNUSED_VARIABLE = YES;
				IPHONEOS_DEPLOYMENT_TARGET = 10.0;
				MTL_ENABLE_DEBUG_INFO = NO;
				SDKROOT = iphoneos;
				SWIFT_OPTIMIZATION_LEVEL = "-Owholemodule";
				TARGETED_DEVICE_FAMILY = "1,2";
				VALIDATE_PRODUCT = YES;
			};
			name = Release;
		};
		3362F33B1DAD6D8400F4D29E /* Debug */ = {
			isa = XCBuildConfiguration;
			buildSettings = {
				ASSETCATALOG_COMPILER_APPICON_NAME = AppIcon;
				DEVELOPMENT_TEAM = A7SGM6JEMA;
				INFOPLIST_FILE = TooDoooooooes/Info.plist;
				LD_RUNPATH_SEARCH_PATHS = "$(inherited) @executable_path/Frameworks";
				PRODUCT_BUNDLE_IDENTIFIER = com.tectec.training.m2i.TooDoooooooes;
				PRODUCT_NAME = "$(TARGET_NAME)";
				SWIFT_VERSION = 3.0;
			};
			name = Debug;
		};
		3362F33C1DAD6D8400F4D29E /* Release */ = {
			isa = XCBuildConfiguration;
			buildSettings = {
				ASSETCATALOG_COMPILER_APPICON_NAME = AppIcon;
				DEVELOPMENT_TEAM = A7SGM6JEMA;
				INFOPLIST_FILE = TooDoooooooes/Info.plist;
				LD_RUNPATH_SEARCH_PATHS = "$(inherited) @executable_path/Frameworks";
				PRODUCT_BUNDLE_IDENTIFIER = com.tectec.training.m2i.TooDoooooooes;
				PRODUCT_NAME = "$(TARGET_NAME)";
				SWIFT_VERSION = 3.0;
			};
			name = Release;
		};
/* End XCBuildConfiguration section */

/* Begin XCConfigurationList section */
		3362F3201DAD6D8400F4D29E /* Build configuration list for PBXProject "TooDoooooooes" */ = {
			isa = XCConfigurationList;
			buildConfigurations = (
				3362F3381DAD6D8400F4D29E /* Debug */,
				3362F3391DAD6D8400F4D29E /* Release */,
			);
			defaultConfigurationIsVisible = 0;
			defaultConfigurationName = Release;
		};
		3362F33A1DAD6D8400F4D29E /* Build configuration list for PBXNativeTarget "TooDoooooooes" */ = {
			isa = XCConfigurationList;
			buildConfigurations = (
				3362F33B1DAD6D8400F4D29E /* Debug */,
				3362F33C1DAD6D8400F4D29E /* Release */,
			);
			defaultConfigurationIsVisible = 0;
		};
/* End XCConfigurationList section */

/* Begin XCVersionGroup section */
		3362F32F1DAD6D8400F4D29E /* TooDoooooooes.xcdatamodeld */ = {
			isa = XCVersionGroup;
			children = (
				3362F3301DAD6D8400F4D29E /* TooDoooooooes.xcdatamodel */,
			);
			currentVersion = 3362F3301DAD6D8400F4D29E /* TooDoooooooes.xcdatamodel */;
			path = TooDoooooooes.xcdatamodeld;
			sourceTree = "<group>";
			versionGroupType = wrapper.xcdatamodel;
		};
/* End XCVersionGroup section */
	};
	rootObject = 3362F31D1DAD6D8400F4D29E /* Project object */;
}
